
Microsoft Visual Studio Solution File, Format Version 12.00
# Visual Studio Version 17
VisualStudioVersion = 17.4.33103.184
MinimumVisualStudioVersion = 10.0.40219.1
Project("{FAE04EC0-301F-11D3-BF4B-00C04F79EFBC}") = "Static_WPF", "Static_WPF\Static_WPF.csproj", "{5F272881-1970-43D8-90DD-EC7D25C8CB25}"
EndProject
Project("{FAE04EC0-301F-11D3-BF4B-00C04F79EFBC}") = "Static_Models", "Static_Models\Static_Models.csproj", "{7899017D-712E-436C-9A5A-F4EF733EC65D}"
EndProject
Global
	GlobalSection(SolutionConfigurationPlatforms) = preSolution
		Debug|Any CPU = Debug|Any CPU
		Release|Any CPU = Release|Any CPU
	EndGlobalSection
	GlobalSection(ProjectConfigurationPlatforms) = postSolution
		{5F272881-1970-43D8-90DD-EC7D25C8CB25}.Debug|Any CPU.ActiveCfg = Debug|Any CPU
		{5F272881-1970-43D8-90DD-EC7D25C8CB25}.Debug|Any CPU.Build.0 = Debug|Any CPU
		{5F272881-1970-43D8-90DD-EC7D25C8CB25}.Release|Any CPU.ActiveCfg = Release|Any CPU
		{5F272881-1970-43D8-90DD-EC7D25C8CB25}.Release|Any CPU.Build.0 = Release|Any CPU
		{7899017D-712E-436C-9A5A-F4EF733EC65D}.Debug|Any CPU.ActiveCfg = Debug|Any CPU
		{7899017D-712E-436C-9A5A-F4EF733EC65D}.Debug|Any CPU.Build.0 = Debug|Any CPU
		{7899017D-712E-436C-9A5A-F4EF733EC65D}.Release|Any CPU.ActiveCfg = Release|Any CPU
		{7899017D-712E-436C-9A5A-F4EF733EC65D}.Release|Any CPU.Build.0 = Release|Any CPU
	EndGlobalSection
	GlobalSection(SolutionProperties) = preSolution
		HideSolutionNode = FALSE
	EndGlobalSection
	GlobalSection(ExtensibilityGlobals) = postSolution
		SolutionGuid = {353BEEF7-1019-420D-BEF3-E956CD5D067B}
	EndGlobalSection
EndGlobal
