
Microsoft Visual Studio Solution File, Format Version 12.00
# Visual Studio Version 17
VisualStudioVersion = 17.4.33103.184
MinimumVisualStudioVersion = 10.0.40219.1
Project("{FAE04EC0-301F-11D3-BF4B-00C04F79EFBC}") = "Studenten_WPF", "Studenten_WPF\Studenten_WPF.csproj", "{6D1BAF18-6C20-4203-9114-38AC147F45AD}"
EndProject
Project("{FAE04EC0-301F-11D3-BF4B-00C04F79EFBC}") = "Studenten_Models", "Studenten_Models\Studenten_Models.csproj", "{0A340C8E-0687-48AB-872C-D9DFD0E8A5A9}"
EndProject
Global
	GlobalSection(SolutionConfigurationPlatforms) = preSolution
		Debug|Any CPU = Debug|Any CPU
		Release|Any CPU = Release|Any CPU
	EndGlobalSection
	GlobalSection(ProjectConfigurationPlatforms) = postSolution
		{6D1BAF18-6C20-4203-9114-38AC147F45AD}.Debug|Any CPU.ActiveCfg = Debug|Any CPU
		{6D1BAF18-6C20-4203-9114-38AC147F45AD}.Debug|Any CPU.Build.0 = Debug|Any CPU
		{6D1BAF18-6C20-4203-9114-38AC147F45AD}.Release|Any CPU.ActiveCfg = Release|Any CPU
		{6D1BAF18-6C20-4203-9114-38AC147F45AD}.Release|Any CPU.Build.0 = Release|Any CPU
		{0A340C8E-0687-48AB-872C-D9DFD0E8A5A9}.Debug|Any CPU.ActiveCfg = Debug|Any CPU
		{0A340C8E-0687-48AB-872C-D9DFD0E8A5A9}.Debug|Any CPU.Build.0 = Debug|Any CPU
		{0A340C8E-0687-48AB-872C-D9DFD0E8A5A9}.Release|Any CPU.ActiveCfg = Release|Any CPU
		{0A340C8E-0687-48AB-872C-D9DFD0E8A5A9}.Release|Any CPU.Build.0 = Release|Any CPU
	EndGlobalSection
	GlobalSection(SolutionProperties) = preSolution
		HideSolutionNode = FALSE
	EndGlobalSection
	GlobalSection(ExtensibilityGlobals) = postSolution
		SolutionGuid = {C7106371-088C-4E52-B9B5-316C43C03FE6}
	EndGlobalSection
EndGlobal
