
Microsoft Visual Studio Solution File, Format Version 12.00
# Visual Studio Version 17
VisualStudioVersion = 17.4.33103.184
MinimumVisualStudioVersion = 10.0.40219.1
Project("{FAE04EC0-301F-11D3-BF4B-00C04F79EFBC}") = "Auto_WPF", "Auto_WPF\Auto_WPF.csproj", "{6B047187-C0DD-42C1-902B-4FA70B260082}"
EndProject
Project("{FAE04EC0-301F-11D3-BF4B-00C04F79EFBC}") = "Auto_Models", "Auto_Models\Auto_Models.csproj", "{1FE5328C-ED62-42B5-AB11-00859A315594}"
EndProject
Project("{FAE04EC0-301F-11D3-BF4B-00C04F79EFBC}") = "Auto_DAL", "Auto_DAL\Auto_DAL.csproj", "{AAC08A6F-E60F-4B76-B83C-E5FEE003D15F}"
EndProject
Global
	GlobalSection(SolutionConfigurationPlatforms) = preSolution
		Debug|Any CPU = Debug|Any CPU
		Release|Any CPU = Release|Any CPU
	EndGlobalSection
	GlobalSection(ProjectConfigurationPlatforms) = postSolution
		{6B047187-C0DD-42C1-902B-4FA70B260082}.Debug|Any CPU.ActiveCfg = Debug|Any CPU
		{6B047187-C0DD-42C1-902B-4FA70B260082}.Debug|Any CPU.Build.0 = Debug|Any CPU
		{6B047187-C0DD-42C1-902B-4FA70B260082}.Release|Any CPU.ActiveCfg = Release|Any CPU
		{6B047187-C0DD-42C1-902B-4FA70B260082}.Release|Any CPU.Build.0 = Release|Any CPU
		{1FE5328C-ED62-42B5-AB11-00859A315594}.Debug|Any CPU.ActiveCfg = Debug|Any CPU
		{1FE5328C-ED62-42B5-AB11-00859A315594}.Debug|Any CPU.Build.0 = Debug|Any CPU
		{1FE5328C-ED62-42B5-AB11-00859A315594}.Release|Any CPU.ActiveCfg = Release|Any CPU
		{1FE5328C-ED62-42B5-AB11-00859A315594}.Release|Any CPU.Build.0 = Release|Any CPU
		{AAC08A6F-E60F-4B76-B83C-E5FEE003D15F}.Debug|Any CPU.ActiveCfg = Debug|Any CPU
		{AAC08A6F-E60F-4B76-B83C-E5FEE003D15F}.Debug|Any CPU.Build.0 = Debug|Any CPU
		{AAC08A6F-E60F-4B76-B83C-E5FEE003D15F}.Release|Any CPU.ActiveCfg = Release|Any CPU
		{AAC08A6F-E60F-4B76-B83C-E5FEE003D15F}.Release|Any CPU.Build.0 = Release|Any CPU
	EndGlobalSection
	GlobalSection(SolutionProperties) = preSolution
		HideSolutionNode = FALSE
	EndGlobalSection
	GlobalSection(ExtensibilityGlobals) = postSolution
		SolutionGuid = {0919B083-986F-45BD-9C52-765ADDF06AC7}
	EndGlobalSection
EndGlobal
