
Microsoft Visual Studio Solution File, Format Version 12.00
# Visual Studio Version 17
VisualStudioVersion = 17.4.33103.184
MinimumVisualStudioVersion = 10.0.40219.1
Project("{FAE04EC0-301F-11D3-BF4B-00C04F79EFBC}") = "Benzinepomp_WPF", "Benzinepomp_WPF\Benzinepomp_WPF.csproj", "{B10936C2-D537-42FC-84CF-83E9007306F3}"
EndProject
Project("{FAE04EC0-301F-11D3-BF4B-00C04F79EFBC}") = "Benzinepomp_Models", "Benzinepomp_Models\Benzinepomp_Models.csproj", "{67143F05-C51F-45B4-9360-78E266F01C43}"
EndProject
Global
	GlobalSection(SolutionConfigurationPlatforms) = preSolution
		Debug|Any CPU = Debug|Any CPU
		Release|Any CPU = Release|Any CPU
	EndGlobalSection
	GlobalSection(ProjectConfigurationPlatforms) = postSolution
		{B10936C2-D537-42FC-84CF-83E9007306F3}.Debug|Any CPU.ActiveCfg = Debug|Any CPU
		{B10936C2-D537-42FC-84CF-83E9007306F3}.Debug|Any CPU.Build.0 = Debug|Any CPU
		{B10936C2-D537-42FC-84CF-83E9007306F3}.Release|Any CPU.ActiveCfg = Release|Any CPU
		{B10936C2-D537-42FC-84CF-83E9007306F3}.Release|Any CPU.Build.0 = Release|Any CPU
		{67143F05-C51F-45B4-9360-78E266F01C43}.Debug|Any CPU.ActiveCfg = Debug|Any CPU
		{67143F05-C51F-45B4-9360-78E266F01C43}.Debug|Any CPU.Build.0 = Debug|Any CPU
		{67143F05-C51F-45B4-9360-78E266F01C43}.Release|Any CPU.ActiveCfg = Release|Any CPU
		{67143F05-C51F-45B4-9360-78E266F01C43}.Release|Any CPU.Build.0 = Release|Any CPU
	EndGlobalSection
	GlobalSection(SolutionProperties) = preSolution
		HideSolutionNode = FALSE
	EndGlobalSection
	GlobalSection(ExtensibilityGlobals) = postSolution
		SolutionGuid = {3744FCE1-485B-4FF3-B6B6-09D742373A97}
	EndGlobalSection
EndGlobal
